
Microsoft Visual Studio Solution File, Format Version 12.00
# Visual Studio Version 17
VisualStudioVersion = 17.14.36915.13 d17.14
MinimumVisualStudioVersion = 10.0.40219.1
Project("{FAE04EC0-301F-11D3-BF4B-00C04F79EFBC}") = "test1", "test1\test1.csproj", "{3B7F76CA-A90A-403E-BEAD-8B11BC6C6BBC}"
EndProject
Global
	GlobalSection(SolutionConfigurationPlatforms) = preSolution
		Debug|Any CPU = Debug|Any CPU
		Release|Any CPU = Release|Any CPU
	EndGlobalSection
	GlobalSection(ProjectConfigurationPlatforms) = postSolution
		{3B7F76CA-A90A-403E-BEAD-8B11BC6C6BBC}.Debug|Any CPU.ActiveCfg = Debug|Any CPU
		{3B7F76CA-A90A-403E-BEAD-8B11BC6C6BBC}.Debug|Any CPU.Build.0 = Debug|Any CPU
		{3B7F76CA-A90A-403E-BEAD-8B11BC6C6BBC}.Release|Any CPU.ActiveCfg = Release|Any CPU
		{3B7F76CA-A90A-403E-BEAD-8B11BC6C6BBC}.Release|Any CPU.Build.0 = Release|Any CPU
	EndGlobalSection
	GlobalSection(SolutionProperties) = preSolution
		HideSolutionNode = FALSE
	EndGlobalSection
	GlobalSection(ExtensibilityGlobals) = postSolution
		SolutionGuid = {20A42372-23C2-4E76-BBCE-8A7D4253435A}
	EndGlobalSection
EndGlobal
