
Microsoft Visual Studio Solution File, Format Version 12.00
# Visual Studio Version 17
VisualStudioVersion = 17.14.36915.13 d17.14
MinimumVisualStudioVersion = 10.0.40219.1
Project("{FAE04EC0-301F-11D3-BF4B-00C04F79EFBC}") = "morse_code", "morse_code\morse_code.csproj", "{A909EEEF-FFA3-49A0-92C2-034CE1578D12}"
EndProject
Global
	GlobalSection(SolutionConfigurationPlatforms) = preSolution
		Debug|Any CPU = Debug|Any CPU
		Release|Any CPU = Release|Any CPU
	EndGlobalSection
	GlobalSection(ProjectConfigurationPlatforms) = postSolution
		{A909EEEF-FFA3-49A0-92C2-034CE1578D12}.Debug|Any CPU.ActiveCfg = Debug|Any CPU
		{A909EEEF-FFA3-49A0-92C2-034CE1578D12}.Debug|Any CPU.Build.0 = Debug|Any CPU
		{A909EEEF-FFA3-49A0-92C2-034CE1578D12}.Release|Any CPU.ActiveCfg = Release|Any CPU
		{A909EEEF-FFA3-49A0-92C2-034CE1578D12}.Release|Any CPU.Build.0 = Release|Any CPU
	EndGlobalSection
	GlobalSection(SolutionProperties) = preSolution
		HideSolutionNode = FALSE
	EndGlobalSection
	GlobalSection(ExtensibilityGlobals) = postSolution
		SolutionGuid = {A1970404-3ECB-43FD-80FF-A34857A79712}
	EndGlobalSection
EndGlobal
