
Microsoft Visual Studio Solution File, Format Version 12.00
# Visual Studio Version 17
VisualStudioVersion = 17.14.36915.13 d17.14
MinimumVisualStudioVersion = 10.0.40219.1
Project("{FAE04EC0-301F-11D3-BF4B-00C04F79EFBC}") = "Review_Q2", "Review_Q2\Review_Q2.csproj", "{C1FE3FBF-1AD1-42E0-8A3A-8F3CB5E0769E}"
EndProject
Global
	GlobalSection(SolutionConfigurationPlatforms) = preSolution
		Debug|Any CPU = Debug|Any CPU
		Release|Any CPU = Release|Any CPU
	EndGlobalSection
	GlobalSection(ProjectConfigurationPlatforms) = postSolution
		{C1FE3FBF-1AD1-42E0-8A3A-8F3CB5E0769E}.Debug|Any CPU.ActiveCfg = Debug|Any CPU
		{C1FE3FBF-1AD1-42E0-8A3A-8F3CB5E0769E}.Debug|Any CPU.Build.0 = Debug|Any CPU
		{C1FE3FBF-1AD1-42E0-8A3A-8F3CB5E0769E}.Release|Any CPU.ActiveCfg = Release|Any CPU
		{C1FE3FBF-1AD1-42E0-8A3A-8F3CB5E0769E}.Release|Any CPU.Build.0 = Release|Any CPU
	EndGlobalSection
	GlobalSection(SolutionProperties) = preSolution
		HideSolutionNode = FALSE
	EndGlobalSection
	GlobalSection(ExtensibilityGlobals) = postSolution
		SolutionGuid = {2AFDB925-906F-42A4-96BD-DE49EDB73758}
	EndGlobalSection
EndGlobal
