
Microsoft Visual Studio Solution File, Format Version 12.00
# Visual Studio Version 17
VisualStudioVersion = 17.14.36915.13 d17.14
MinimumVisualStudioVersion = 10.0.40219.1
Project("{FAE04EC0-301F-11D3-BF4B-00C04F79EFBC}") = "Review_Q3", "Review_Q3\Review_Q3.csproj", "{AE45364E-F4DD-464F-B747-2F5DDF53D87D}"
EndProject
Global
	GlobalSection(SolutionConfigurationPlatforms) = preSolution
		Debug|Any CPU = Debug|Any CPU
		Release|Any CPU = Release|Any CPU
	EndGlobalSection
	GlobalSection(ProjectConfigurationPlatforms) = postSolution
		{AE45364E-F4DD-464F-B747-2F5DDF53D87D}.Debug|Any CPU.ActiveCfg = Debug|Any CPU
		{AE45364E-F4DD-464F-B747-2F5DDF53D87D}.Debug|Any CPU.Build.0 = Debug|Any CPU
		{AE45364E-F4DD-464F-B747-2F5DDF53D87D}.Release|Any CPU.ActiveCfg = Release|Any CPU
		{AE45364E-F4DD-464F-B747-2F5DDF53D87D}.Release|Any CPU.Build.0 = Release|Any CPU
	EndGlobalSection
	GlobalSection(SolutionProperties) = preSolution
		HideSolutionNode = FALSE
	EndGlobalSection
	GlobalSection(ExtensibilityGlobals) = postSolution
		SolutionGuid = {08625B1D-0BB9-4735-8206-F0E461F25CC1}
	EndGlobalSection
EndGlobal
